
Microsoft Visual Studio Solution File, Format Version 12.00
# Visual Studio Version 17
VisualStudioVersion = 17.6.33829.357
MinimumVisualStudioVersion = 10.0.40219.1
Project("{8BC9CEB8-8B4A-11D0-8D11-00A0C91BC942}") = "shablon_zad3", "shablon_zad3.vcxproj", "{C8B8C775-0B43-4EDA-95AA-5F287C4482C2}"
EndProject
Global
	GlobalSection(SolutionConfigurationPlatforms) = preSolution
		Debug|x64 = Debug|x64
		Debug|x86 = Debug|x86
		Release|x64 = Release|x64
		Release|x86 = Release|x86
	EndGlobalSection
	GlobalSection(ProjectConfigurationPlatforms) = postSolution
		{C8B8C775-0B43-4EDA-95AA-5F287C4482C2}.Debug|x64.ActiveCfg = Debug|x64
		{C8B8C775-0B43-4EDA-95AA-5F287C4482C2}.Debug|x64.Build.0 = Debug|x64
		{C8B8C775-0B43-4EDA-95AA-5F287C4482C2}.Debug|x86.ActiveCfg = Debug|Win32
		{C8B8C775-0B43-4EDA-95AA-5F287C4482C2}.Debug|x86.Build.0 = Debug|Win32
		{C8B8C775-0B43-4EDA-95AA-5F287C4482C2}.Release|x64.ActiveCfg = Release|x64
		{C8B8C775-0B43-4EDA-95AA-5F287C4482C2}.Release|x64.Build.0 = Release|x64
		{C8B8C775-0B43-4EDA-95AA-5F287C4482C2}.Release|x86.ActiveCfg = Release|Win32
		{C8B8C775-0B43-4EDA-95AA-5F287C4482C2}.Release|x86.Build.0 = Release|Win32
	EndGlobalSection
	GlobalSection(SolutionProperties) = preSolution
		HideSolutionNode = FALSE
	EndGlobalSection
	GlobalSection(ExtensibilityGlobals) = postSolution
		SolutionGuid = {102C46E1-3850-4387-9843-2C7BA32DBB40}
	EndGlobalSection
EndGlobal
